
Microsoft Visual Studio Solution File, Format Version 12.00
# Visual Studio Version 17
VisualStudioVersion = 17.5.33516.290
MinimumVisualStudioVersion = 10.0.40219.1
Project("{FAE04EC0-301F-11D3-BF4B-00C04F79EFBC}") = "StressTestRunner", "StressTestRunner\StressTestRunner.csproj", "{8B9E6FB8-53E0-4EF5-AD7D-6E3E67258587}"
EndProject
Project("{FAE04EC0-301F-11D3-BF4B-00C04F79EFBC}") = "Routines", "Routines\Routines.csproj", "{0BE34EDB-B874-4D96-96B4-36D45328B06B}"
EndProject
Project("{FAE04EC0-301F-11D3-BF4B-00C04F79EFBC}") = "Tests", "Tests\Tests.csproj", "{F69458ED-10BC-4418-BE21-71AB04EE08A0}"
EndProject
Project("{FAE04EC0-301F-11D3-BF4B-00C04F79EFBC}") = "StressTestRunnerCli", "StressTestRunnerCli\StressTestRunnerCli.csproj", "{7C91EC0E-6631-48EF-B25E-AA106C6CA794}"
EndProject
Project("{2150E333-8FDC-42A3-9474-1A3956D46DE8}") = "Docs", "Docs", "{8173FD6B-7376-4FDC-9D8B-54C9DCEECD5B}"
	ProjectSection(SolutionItems) = preProject
		LICENSE = LICENSE
		README.md = README.md
	EndProjectSection
EndProject
Global
	GlobalSection(SolutionConfigurationPlatforms) = preSolution
		Debug|Any CPU = Debug|Any CPU
		Release|Any CPU = Release|Any CPU
	EndGlobalSection
	GlobalSection(ProjectConfigurationPlatforms) = postSolution
		{8B9E6FB8-53E0-4EF5-AD7D-6E3E67258587}.Debug|Any CPU.ActiveCfg = Debug|Any CPU
		{8B9E6FB8-53E0-4EF5-AD7D-6E3E67258587}.Debug|Any CPU.Build.0 = Debug|Any CPU
		{8B9E6FB8-53E0-4EF5-AD7D-6E3E67258587}.Release|Any CPU.ActiveCfg = Release|Any CPU
		{8B9E6FB8-53E0-4EF5-AD7D-6E3E67258587}.Release|Any CPU.Build.0 = Release|Any CPU
		{0BE34EDB-B874-4D96-96B4-36D45328B06B}.Debug|Any CPU.ActiveCfg = Debug|Any CPU
		{0BE34EDB-B874-4D96-96B4-36D45328B06B}.Debug|Any CPU.Build.0 = Debug|Any CPU
		{0BE34EDB-B874-4D96-96B4-36D45328B06B}.Release|Any CPU.ActiveCfg = Release|Any CPU
		{0BE34EDB-B874-4D96-96B4-36D45328B06B}.Release|Any CPU.Build.0 = Release|Any CPU
		{F69458ED-10BC-4418-BE21-71AB04EE08A0}.Debug|Any CPU.ActiveCfg = Debug|Any CPU
		{F69458ED-10BC-4418-BE21-71AB04EE08A0}.Debug|Any CPU.Build.0 = Debug|Any CPU
		{F69458ED-10BC-4418-BE21-71AB04EE08A0}.Release|Any CPU.ActiveCfg = Release|Any CPU
		{F69458ED-10BC-4418-BE21-71AB04EE08A0}.Release|Any CPU.Build.0 = Release|Any CPU
		{7C91EC0E-6631-48EF-B25E-AA106C6CA794}.Debug|Any CPU.ActiveCfg = Debug|Any CPU
		{7C91EC0E-6631-48EF-B25E-AA106C6CA794}.Debug|Any CPU.Build.0 = Debug|Any CPU
		{7C91EC0E-6631-48EF-B25E-AA106C6CA794}.Release|Any CPU.ActiveCfg = Release|Any CPU
		{7C91EC0E-6631-48EF-B25E-AA106C6CA794}.Release|Any CPU.Build.0 = Release|Any CPU
	EndGlobalSection
	GlobalSection(SolutionProperties) = preSolution
		HideSolutionNode = FALSE
	EndGlobalSection
	GlobalSection(ExtensibilityGlobals) = postSolution
		SolutionGuid = {6DFECFF6-BB31-4AF5-B103-1AC914460918}
	EndGlobalSection
EndGlobal
